{
  "version": 1,
  "dependencies": {
    "net8.0": {
      "AWSSDK.DynamoDBv2": {
        "type": "Direct",
        "requested": "[4.0.18.1, )",
        "resolved": "4.0.18.1",
        "contentHash": "iKjTofbqJlEbbtf15cpuFhAixn5Xab2T+Kji69gevncDeYBXA+6HP8hNtVs2ZrRMujyeiOXcuURDzRnvaQLtxQ==",
        "dependencies": {
          "AWSSDK.Core": "[4.0.6.1, 5.0.0)"
        }
      },
      "Microsoft.Extensions.Options": {
        "type": "Direct",
        "requested": "[8.0.2, )",
        "resolved": "8.0.2",
        "contentHash": "dWGKvhFybsaZpGmzkGCbNNwBD1rVlWzrZKANLW/CcbFJpCEceMCGzT7zZwHOGBCbwM0SzBuceMj5HN1LKV1QqA==",
        "dependencies": {
          "Microsoft.Extensions.DependencyInjection.Abstractions": "8.0.0",
          "Microsoft.Extensions.Primitives": "8.0.0"
        }
      },
      "AWSSDK.Core": {
        "type": "Transitive",
        "resolved": "4.0.6.1",
        "contentHash": "rPhyuf5BtxAxI1x4a9DlMfknODiVzr9Kc5QWDjn/thmnmCLT6ggBh0zlpaXlP/MtdpN/mhEpTIODvzMIWrICVQ=="
      },
      "FluentValidation": {
        "type": "Transitive",
        "resolved": "12.0.0",
        "contentHash": "8NVLxtMUXynRHJIX3Hn1ACovaqZIJASufXIIFkD0EUbcd5PmMsL1xUD5h548gCezJ5BzlITaR9CAMrGe29aWpA=="
      },
      "Microsoft.Extensions.DependencyInjection.Abstractions": {
        "type": "Transitive",
        "resolved": "8.0.0",
        "contentHash": "cjWrLkJXK0rs4zofsK4bSdg+jhDLTaxrkXu4gS6Y7MAlCvRyNNgwY/lJi5RDlQOnSZweHqoyvgvbdvQsRIW+hg=="
      },
      "Microsoft.Extensions.Primitives": {
        "type": "Transitive",
        "resolved": "8.0.0",
        "contentHash": "bXJEZrW9ny8vjMF1JV253WeLhpEVzFo1lyaZu1vQ4ZxWUlVvknZ/+ftFgVheLubb4eZPSwwxBeqS1JkCOjxd8g=="
      },
      "fiapx.application": {
        "type": "Project",
        "dependencies": {
          "FiapX.Domain": "[1.0.0, )",
          "FluentValidation": "[12.0.0, )"
        }
      },
      "fiapx.domain": {
        "type": "Project"
      }
    }
  }
}