{
  "version": 1,
  "dependencies": {
    "net8.0": {
      "coverlet.collector": {
        "type": "Direct",
        "requested": "[6.0.4, )",
        "resolved": "6.0.4",
        "contentHash": "lkhqpF8Pu2Y7IiN7OntbsTtdbpR1syMsm2F3IgX6ootA4ffRqWL5jF7XipHuZQTdVuWG/gVAAcf8mjk8Tz0xPg=="
      },
      "Microsoft.NET.Test.Sdk": {
        "type": "Direct",
        "requested": "[17.14.1, )",
        "resolved": "17.14.1",
        "contentHash": "HJKqKOE+vshXra2aEHpi2TlxYX7Z9VFYkr+E5rwEvHC8eIXiyO+K9kNm8vmNom3e2rA56WqxU+/N9NJlLGXsJQ==",
        "dependencies": {
          "Microsoft.CodeCoverage": "17.14.1",
          "Microsoft.TestPlatform.TestHost": "17.14.1"
        }
      },
      "Moq": {
        "type": "Direct",
        "requested": "[4.20.72, )",
        "resolved": "4.20.72",
        "contentHash": "EA55cjyNn8eTNWrgrdZJH5QLFp2L43oxl1tlkoYUKIE9pRwL784OWiTXeCV5ApS+AMYEAlt7Fo03A2XfouvHmQ==",
        "dependencies": {
          "Castle.Core": "5.1.1"
        }
      },
      "MSTest.TestAdapter": {
        "type": "Direct",
        "requested": "[3.10.4, )",
        "resolved": "3.10.4",
        "contentHash": "Gnoegnprezaqlx+X0T+bkOJsVzS9kKerfIeiLrw0nEEtu3tvT5hoEnv4uCqy+OfV3EdLqk1aJyNI3S30RbGXgw==",
        "dependencies": {
          "Microsoft.Testing.Extensions.VSTestBridge": "1.8.4",
          "Microsoft.Testing.Platform.MSBuild": "1.8.4"
        }
      },
      "MSTest.TestFramework": {
        "type": "Direct",
        "requested": "[3.10.4, )",
        "resolved": "3.10.4",
        "contentHash": "i6P4/1d2Nc4O5eOcTfvjqc/psgNNuyfMPNNU3cTvQe56bznykTZ1X88eB8JmYa+V3UiTTBKXyDP9yUb8oezLoQ==",
        "dependencies": {
          "MSTest.Analyzers": "3.10.4"
        }
      },
      "AWSSDK.Core": {
        "type": "Transitive",
        "resolved": "4.0.8.1",
        "contentHash": "Zu5g0zQ3WNZrL+0RqRSa2guAcLJqbFwK7mxfm6stx/b3cfOdqt/k9Y6c/8rxyHSeVf+8iUJGV4J7WhbLs9zOpA=="
      },
      "AWSSDK.DynamoDBv2": {
        "type": "Transitive",
        "resolved": "4.0.18.1",
        "contentHash": "iKjTofbqJlEbbtf15cpuFhAixn5Xab2T+Kji69gevncDeYBXA+6HP8hNtVs2ZrRMujyeiOXcuURDzRnvaQLtxQ==",
        "dependencies": {
          "AWSSDK.Core": "[4.0.6.1, 5.0.0)"
        }
      },
      "AWSSDK.S3": {
        "type": "Transitive",
        "resolved": "4.0.24.2",
        "contentHash": "dqHbMTPFb0rOtS+0OavQeNJYZ6Av+usbEfgEV7O7KGlVB7TwNpIYxeYSbcp9nMk3gwHQT30M29M1REWdCvf6Gw==",
        "dependencies": {
          "AWSSDK.Core": "[4.0.8.1, 5.0.0)"
        }
      },
      "AWSSDK.SQS": {
        "type": "Transitive",
        "resolved": "4.0.2.25",
        "contentHash": "oYYPNmsFZg+rTKAyX/I1gYn3NTHXsWH1+Tp1H8YN0HalMPwZIDbkm8FTGESJgHjmfq3rdEkXBln96J97JFdB7g==",
        "dependencies": {
          "AWSSDK.Core": "[4.0.3.29, 5.0.0)"
        }
      },
      "Castle.Core": {
        "type": "Transitive",
        "resolved": "5.1.1",
        "contentHash": "rpYtIczkzGpf+EkZgDr9CClTdemhsrwA/W5hMoPjLkRFnXzH44zDLoovXeKtmxb1ykXK9aJVODSpiJml8CTw2g==",
        "dependencies": {
          "System.Diagnostics.EventLog": "6.0.0"
        }
      },
      "FluentValidation": {
        "type": "Transitive",
        "resolved": "12.0.0",
        "contentHash": "8NVLxtMUXynRHJIX3Hn1ACovaqZIJASufXIIFkD0EUbcd5PmMsL1xUD5h548gCezJ5BzlITaR9CAMrGe29aWpA=="
      },
      "FluentValidation.DependencyInjectionExtensions": {
        "type": "Transitive",
        "resolved": "12.0.0",
        "contentHash": "B28fBRL1UjhGsBC8fwV6YBZosh+SiU1FxdD7l7p5dGPgRlVI7UnM+Lgzmg+unZtV1Zxzpaw96UY2MYfMaAd8cg==",
        "dependencies": {
          "FluentValidation": "12.0.0",
          "Microsoft.Extensions.Dependencyinjection.Abstractions": "2.1.0"
        }
      },
      "Microsoft.ApplicationInsights": {
        "type": "Transitive",
        "resolved": "2.23.0",
        "contentHash": "nWArUZTdU7iqZLycLKWe0TDms48KKGE6pONH2terYNa8REXiqixrMOkf1sk5DHGMaUTqONU2YkS4SAXBhLStgw==",
        "dependencies": {
          "System.Diagnostics.DiagnosticSource": "5.0.0"
        }
      },
      "Microsoft.AspNetCore.Authentication.JwtBearer": {
        "type": "Transitive",
        "resolved": "8.0.8",
        "contentHash": "J145j2LgD4kkkNkrf5DW/pKzithZRKN5EFY+KAO3SqweMyDfv4cgKgtOIsv2bhrOLGqPJixuZkZte7LfK1seYQ==",
        "dependencies": {
          "Microsoft.IdentityModel.Protocols.OpenIdConnect": "7.1.2"
        }
      },
      "Microsoft.CodeCoverage": {
        "type": "Transitive",
        "resolved": "17.14.1",
        "contentHash": "pmTrhfFIoplzFVbhVwUquT+77CbGH+h4/3mBpdmIlYtBi9nAB+kKI6dN3A/nV4DFi3wLLx/BlHIPK+MkbQ6Tpg=="
      },
      "Microsoft.Extensions.ApiDescription.Server": {
        "type": "Transitive",
        "resolved": "6.0.5",
        "contentHash": "Ckb5EDBUNJdFWyajfXzUIMRkhf52fHZOQuuZg/oiu8y7zDCVwD0iHhew6MnThjHmevanpxL3f5ci2TtHQEN6bw=="
      },
      "Microsoft.Extensions.Configuration.Abstractions": {
        "type": "Transitive",
        "resolved": "8.0.0",
        "contentHash": "3lE/iLSutpgX1CC0NOW70FJoGARRHbyKmG7dc0klnUZ9Dd9hS6N/POPWhKhMLCEuNN5nXEY5agmlFtH562vqhQ==",
        "dependencies": {
          "Microsoft.Extensions.Primitives": "8.0.0"
        }
      },
      "Microsoft.Extensions.Configuration.Binder": {
        "type": "Transitive",
        "resolved": "8.0.0",
        "contentHash": "mBMoXLsr5s1y2zOHWmKsE9veDcx8h1x/c3rz4baEdQKTeDcmQAPNbB54Pi/lhFO3K431eEq6PFbMgLaa6PHFfA==",
        "dependencies": {
          "Microsoft.Extensions.Configuration.Abstractions": "8.0.0"
        }
      },
      "Microsoft.Extensions.DependencyInjection.Abstractions": {
        "type": "Transitive",
        "resolved": "8.0.2",
        "contentHash": "3iE7UF7MQkCv1cxzCahz+Y/guQbTqieyxyaWKhrRO91itI9cOKO76OHeQDahqG4MmW5umr3CcCvGmK92lWNlbg=="
      },
      "Microsoft.Extensions.Options": {
        "type": "Transitive",
        "resolved": "8.0.2",
        "contentHash": "dWGKvhFybsaZpGmzkGCbNNwBD1rVlWzrZKANLW/CcbFJpCEceMCGzT7zZwHOGBCbwM0SzBuceMj5HN1LKV1QqA==",
        "dependencies": {
          "Microsoft.Extensions.DependencyInjection.Abstractions": "8.0.0",
          "Microsoft.Extensions.Primitives": "8.0.0"
        }
      },
      "Microsoft.Extensions.Options.ConfigurationExtensions": {
        "type": "Transitive",
        "resolved": "8.0.0",
        "contentHash": "0f4DMRqEd50zQh+UyJc+/HiBsZ3vhAQALgdkcQEalSH1L2isdC7Yj54M3cyo5e+BeO5fcBQ7Dxly8XiBBcvRgw==",
        "dependencies": {
          "Microsoft.Extensions.Configuration.Abstractions": "8.0.0",
          "Microsoft.Extensions.Configuration.Binder": "8.0.0",
          "Microsoft.Extensions.DependencyInjection.Abstractions": "8.0.0",
          "Microsoft.Extensions.Options": "8.0.0",
          "Microsoft.Extensions.Primitives": "8.0.0"
        }
      },
      "Microsoft.Extensions.Primitives": {
        "type": "Transitive",
        "resolved": "8.0.0",
        "contentHash": "bXJEZrW9ny8vjMF1JV253WeLhpEVzFo1lyaZu1vQ4ZxWUlVvknZ/+ftFgVheLubb4eZPSwwxBeqS1JkCOjxd8g=="
      },
      "Microsoft.IdentityModel.Abstractions": {
        "type": "Transitive",
        "resolved": "7.1.2",
        "contentHash": "33eTIA2uO/L9utJjZWbKsMSVsQf7F8vtd6q5mQX7ZJzNvCpci5fleD6AeANGlbbb7WX7XKxq9+Dkb5e3GNDrmQ=="
      },
      "Microsoft.IdentityModel.JsonWebTokens": {
        "type": "Transitive",
        "resolved": "7.1.2",
        "contentHash": "cloLGeZolXbCJhJBc5OC05uhrdhdPL6MWHuVUnkkUvPDeK7HkwThBaLZ1XjBQVk9YhxXE2OvHXnKi0PLleXxDg==",
        "dependencies": {
          "Microsoft.IdentityModel.Tokens": "7.1.2"
        }
      },
      "Microsoft.IdentityModel.Logging": {
        "type": "Transitive",
        "resolved": "7.1.2",
        "contentHash": "YCxBt2EeJP8fcXk9desChkWI+0vFqFLvBwrz5hBMsoh0KJE6BC66DnzkdzkJNqMltLromc52dkdT206jJ38cTw==",
        "dependencies": {
          "Microsoft.IdentityModel.Abstractions": "7.1.2"
        }
      },
      "Microsoft.IdentityModel.Protocols": {
        "type": "Transitive",
        "resolved": "7.1.2",
        "contentHash": "SydLwMRFx6EHPWJ+N6+MVaoArN1Htt92b935O3RUWPY1yUF63zEjvd3lBu79eWdZUwedP8TN2I5V9T3nackvIQ==",
        "dependencies": {
          "Microsoft.IdentityModel.Logging": "7.1.2",
          "Microsoft.IdentityModel.Tokens": "7.1.2"
        }
      },
      "Microsoft.IdentityModel.Protocols.OpenIdConnect": {
        "type": "Transitive",
        "resolved": "7.1.2",
        "contentHash": "6lHQoLXhnMQ42mGrfDkzbIOR3rzKM1W1tgTeMPLgLCqwwGw0d96xFi/UiX/fYsu7d6cD5MJiL3+4HuI8VU+sVQ==",
        "dependencies": {
          "Microsoft.IdentityModel.Protocols": "7.1.2",
          "System.IdentityModel.Tokens.Jwt": "7.1.2"
        }
      },
      "Microsoft.IdentityModel.Tokens": {
        "type": "Transitive",
        "resolved": "7.1.2",
        "contentHash": "oICJMqr3aNEDZOwnH5SK49bR6Z4aX0zEAnOLuhloumOSuqnNq+GWBdQyrgILnlcT5xj09xKCP/7Y7gJYB+ls/g==",
        "dependencies": {
          "Microsoft.IdentityModel.Logging": "7.1.2"
        }
      },
      "Microsoft.OpenApi": {
        "type": "Transitive",
        "resolved": "1.6.14",
        "contentHash": "tTaBT8qjk3xINfESyOPE2rIellPvB7qpVqiWiyA/lACVvz+xOGiXhFUfohcx82NLbi5avzLW0lx+s6oAqQijfw=="
      },
      "Microsoft.Testing.Extensions.Telemetry": {
        "type": "Transitive",
        "resolved": "1.8.4",
        "contentHash": "NbwjZtoXLcmPH/qtCSU3x+jQ4xBw+Ia8FVA9m4Tlvk1qtk/4LYUN7hZyA2/xVPgSPerYJoYqLy1mDG+DWfR2Ew==",
        "dependencies": {
          "Microsoft.ApplicationInsights": "2.23.0",
          "Microsoft.Testing.Platform": "1.8.4"
        }
      },
      "Microsoft.Testing.Extensions.TrxReport.Abstractions": {
        "type": "Transitive",
        "resolved": "1.8.4",
        "contentHash": "jDGV5d9K5zeQG6I5ZHZrrXd0sO9up/XLpb5qI5W+FPGJx5JXx5yEiwkw0MIEykH9ydeMASPOmjbY/7jS++gYwA==",
        "dependencies": {
          "Microsoft.Testing.Platform": "1.8.4"
        }
      },
      "Microsoft.Testing.Extensions.VSTestBridge": {
        "type": "Transitive",
        "resolved": "1.8.4",
        "contentHash": "t4ZgIrdURpF96XTyw3HLSwlYb22x/tpxcCMipcIYFV6QgCtmPQrVNVrPLNazNkJF8egXqumtC2hnDca+0KdRQQ==",
        "dependencies": {
          "Microsoft.TestPlatform.AdapterUtilities": "17.13.0",
          "Microsoft.TestPlatform.ObjectModel": "17.13.0",
          "Microsoft.Testing.Extensions.Telemetry": "1.8.4",
          "Microsoft.Testing.Extensions.TrxReport.Abstractions": "1.8.4",
          "Microsoft.Testing.Platform": "1.8.4"
        }
      },
      "Microsoft.Testing.Platform": {
        "type": "Transitive",
        "resolved": "1.8.4",
        "contentHash": "MpYE6A13G9zLZjkDmy2Fm/R0MRkjBR75P0F8B1yLaUshaATixPlk2S2OE6u/rlqtqMkbEyM7F6wxc332gZpBpA=="
      },
      "Microsoft.Testing.Platform.MSBuild": {
        "type": "Transitive",
        "resolved": "1.8.4",
        "contentHash": "RnS7G0eXAopdIf/XPGFNW8HUwZxRq5iGX34rVYhyDUbLS7sF513yosd4P50GtjBKqOay4qb+WHYr4NkWjtUWzQ==",
        "dependencies": {
          "Microsoft.Testing.Platform": "1.8.4"
        }
      },
      "Microsoft.TestPlatform.AdapterUtilities": {
        "type": "Transitive",
        "resolved": "17.13.0",
        "contentHash": "bFZ3uAhosdXjyXKURDQy37fPosCJQwedB5DG/SzsXL1QXsrfsIYty2kQMqCRRUqm8sBZBRHWRp4BT9SmpWXcKQ=="
      },
      "Microsoft.TestPlatform.ObjectModel": {
        "type": "Transitive",
        "resolved": "17.14.1",
        "contentHash": "xTP1W6Mi6SWmuxd3a+jj9G9UoC850WGwZUps1Wah9r1ZxgXhdJfj1QqDLJkFjHDCvN42qDL2Ps5KjQYWUU0zcQ==",
        "dependencies": {
          "System.Reflection.Metadata": "8.0.0"
        }
      },
      "Microsoft.TestPlatform.TestHost": {
        "type": "Transitive",
        "resolved": "17.14.1",
        "contentHash": "d78LPzGKkJwsJXAQwsbJJ7LE7D1wB+rAyhHHAaODF+RDSQ0NgMjDFkSA1Djw18VrxO76GlKAjRUhl+H8NL8Z+Q==",
        "dependencies": {
          "Microsoft.TestPlatform.ObjectModel": "17.14.1",
          "Newtonsoft.Json": "13.0.3"
        }
      },
      "MSTest.Analyzers": {
        "type": "Transitive",
        "resolved": "3.10.4",
        "contentHash": "a3IHTsbd+iS0pZUI7KC6nCCQgTOhjPyqDwPOtKLGCwjRifQ9N4K40qTqCaQlPOxwKaIxVwDLRYFvdY9NTDVi0w=="
      },
      "Newtonsoft.Json": {
        "type": "Transitive",
        "resolved": "13.0.3",
        "contentHash": "HrC5BXdl00IP9zeV+0Z848QWPAoCr9P3bDEZguI+gkLcBKAOxix/tLEAAHC+UvDNPv4a2d18lOReHMOagPa+zQ=="
      },
      "Swashbuckle.AspNetCore": {
        "type": "Transitive",
        "resolved": "6.6.2",
        "contentHash": "+NB4UYVYN6AhDSjW0IJAd1AGD8V33gemFNLPaxKTtPkHB+HaKAKf9MGAEUPivEWvqeQfcKIw8lJaHq6LHljRuw==",
        "dependencies": {
          "Microsoft.Extensions.ApiDescription.Server": "6.0.5",
          "Swashbuckle.AspNetCore.Swagger": "6.6.2",
          "Swashbuckle.AspNetCore.SwaggerGen": "6.6.2",
          "Swashbuckle.AspNetCore.SwaggerUI": "6.6.2"
        }
      },
      "Swashbuckle.AspNetCore.Swagger": {
        "type": "Transitive",
        "resolved": "6.6.2",
        "contentHash": "ovgPTSYX83UrQUWiS5vzDcJ8TEX1MAxBgDFMK45rC24MorHEPQlZAHlaXj/yth4Zf6xcktpUgTEBvffRQVwDKA==",
        "dependencies": {
          "Microsoft.OpenApi": "1.6.14"
        }
      },
      "Swashbuckle.AspNetCore.SwaggerGen": {
        "type": "Transitive",
        "resolved": "6.6.2",
        "contentHash": "zv4ikn4AT1VYuOsDCpktLq4QDq08e7Utzbir86M5/ZkRaLXbCPF11E1/vTmOiDzRTl0zTZINQU2qLKwTcHgfrA==",
        "dependencies": {
          "Swashbuckle.AspNetCore.Swagger": "6.6.2"
        }
      },
      "Swashbuckle.AspNetCore.SwaggerUI": {
        "type": "Transitive",
        "resolved": "6.6.2",
        "contentHash": "mBBb+/8Hm2Q3Wygag+hu2jj69tZW5psuv0vMRXY07Wy+Rrj40vRP8ZTbKBhs91r45/HXT4aY4z0iSBYx1h6JvA=="
      },
      "System.Collections.Immutable": {
        "type": "Transitive",
        "resolved": "8.0.0",
        "contentHash": "AurL6Y5BA1WotzlEvVaIDpqzpIPvYnnldxru8oXJU2yFxFUy3+pNXjXd1ymO+RA0rq0+590Q8gaz2l3Sr7fmqg=="
      },
      "System.Diagnostics.DiagnosticSource": {
        "type": "Transitive",
        "resolved": "5.0.0",
        "contentHash": "tCQTzPsGZh/A9LhhA6zrqCRV4hOHsK90/G7q3Khxmn6tnB1PuNU0cRaKANP2AWcF9bn0zsuOoZOSrHuJk6oNBA=="
      },
      "System.Diagnostics.EventLog": {
        "type": "Transitive",
        "resolved": "6.0.0",
        "contentHash": "lcyUiXTsETK2ALsZrX+nWuHSIQeazhqPphLfaRxzdGaG93+0kELqpgEHtwWOlQe7+jSFnKwaCAgL4kjeZCQJnw=="
      },
      "System.IdentityModel.Tokens.Jwt": {
        "type": "Transitive",
        "resolved": "7.1.2",
        "contentHash": "Thhbe1peAmtSBFaV/ohtykXiZSOkx59Da44hvtWfIMFofDA3M3LaVyjstACf2rKGn4dEDR2cUpRAZ0Xs/zB+7Q==",
        "dependencies": {
          "Microsoft.IdentityModel.JsonWebTokens": "7.1.2",
          "Microsoft.IdentityModel.Tokens": "7.1.2"
        }
      },
      "System.Reflection.Metadata": {
        "type": "Transitive",
        "resolved": "8.0.0",
        "contentHash": "ptvgrFh7PvWI8bcVqG5rsA/weWM09EnthFHR5SCnS6IN+P4mj6rE1lBDC4U8HL9/57htKAqy4KQ3bBj84cfYyQ==",
        "dependencies": {
          "System.Collections.Immutable": "8.0.0"
        }
      },
      "fiapx.api": {
        "type": "Project",
        "dependencies": {
          "FiapX.Application": "[1.0.0, )",
          "FiapX.Infra.CrossCutting": "[1.0.0, )",
          "FluentValidation": "[12.0.0, )",
          "Swashbuckle.AspNetCore": "[6.6.2, )"
        }
      },
      "fiapx.application": {
        "type": "Project",
        "dependencies": {
          "FiapX.Domain": "[1.0.0, )",
          "FluentValidation": "[12.0.0, )"
        }
      },
      "fiapx.domain": {
        "type": "Project"
      },
      "fiapx.infra.crosscutting": {
        "type": "Project",
        "dependencies": {
          "FiapX.Application": "[1.0.0, )",
          "FiapX.Infra.Data": "[1.0.0, )",
          "FiapX.Infra.Messaging": "[1.0.0, )",
          "FiapX.Infra.Storage": "[1.0.0, )",
          "FluentValidation.DependencyInjectionExtensions": "[12.0.0, )",
          "Microsoft.AspNetCore.Authentication.JwtBearer": "[8.0.8, )",
          "Microsoft.Extensions.Configuration.Abstractions": "[8.0.0, )",
          "Microsoft.Extensions.DependencyInjection.Abstractions": "[8.0.2, )",
          "Microsoft.Extensions.Options": "[8.0.2, )",
          "Microsoft.Extensions.Options.ConfigurationExtensions": "[8.0.0, )"
        }
      },
      "fiapx.infra.data": {
        "type": "Project",
        "dependencies": {
          "AWSSDK.DynamoDBv2": "[4.0.18.1, )",
          "FiapX.Application": "[1.0.0, )",
          "FiapX.Domain": "[1.0.0, )",
          "Microsoft.Extensions.Options": "[8.0.2, )"
        }
      },
      "fiapx.infra.messaging": {
        "type": "Project",
        "dependencies": {
          "AWSSDK.SQS": "[4.0.2.25, )",
          "FiapX.Application": "[1.0.0, )",
          "Microsoft.Extensions.Options": "[8.0.2, )"
        }
      },
      "fiapx.infra.storage": {
        "type": "Project",
        "dependencies": {
          "AWSSDK.S3": "[4.0.24.2, )",
          "FiapX.Application": "[1.0.0, )",
          "FiapX.Domain": "[1.0.0, )",
          "Microsoft.Extensions.Options": "[8.0.2, )"
        }
      }
    }
  }
}