
Microsoft Visual Studio Solution File, Format Version 12.00
# Visual Studio Version 17
VisualStudioVersion = 17.14.37111.16
MinimumVisualStudioVersion = 10.0.40219.1
Project("{FAE04EC0-301F-11D3-BF4B-00C04F79EFBC}") = "FiapX.Api", "src\FiapX.Api\FiapX.Api.csproj", "{30646BA1-EDC8-48DB-A980-52AAF730DA28}"
	ProjectSection(ProjectDependencies) = postProject
		{63F4EA9C-C08E-40A2-C2DE-B4576BA162F1} = {63F4EA9C-C08E-40A2-C2DE-B4576BA162F1}
		{B5FB9B54-E4AE-1889-5625-0185DCE2280D} = {B5FB9B54-E4AE-1889-5625-0185DCE2280D}
		{C63A16E3-4B5D-D1E4-2C0A-F5ED4351CD63} = {C63A16E3-4B5D-D1E4-2C0A-F5ED4351CD63}
		{DB165DBB-AB9F-9174-4CF3-66A810F7D4CF} = {DB165DBB-AB9F-9174-4CF3-66A810F7D4CF}
		{DE7B8643-7E64-D49A-EAD7-00788B0D07E2} = {DE7B8643-7E64-D49A-EAD7-00788B0D07E2}
	EndProjectSection
EndProject
Project("{2150E333-8FDC-42A3-9474-1A3956D46DE8}") = "1. Api Layer", "1. Api Layer", "{02EA681E-C7D8-13C7-8484-4AC65E1B71E8}"
EndProject
Project("{2150E333-8FDC-42A3-9474-1A3956D46DE8}") = "2. Application Layer", "2. Application Layer", "{1FA515F5-95BC-4B76-AF46-5382DA58F68D}"
EndProject
Project("{2150E333-8FDC-42A3-9474-1A3956D46DE8}") = "3. Domain Layer", "3. Domain Layer", "{BEF1CC3B-179C-40F8-B76A-6652FA6CCC93}"
EndProject
Project("{2150E333-8FDC-42A3-9474-1A3956D46DE8}") = "4. Infra Layer", "4. Infra Layer", "{1ABF0C11-2882-42A8-966C-30E946A185DE}"
EndProject
Project("{2150E333-8FDC-42A3-9474-1A3956D46DE8}") = "5. Tests Layer", "5. Tests Layer", "{5D05AB0C-CDA6-4AB0-8472-38E31D290A1B}"
EndProject
Project("{2150E333-8FDC-42A3-9474-1A3956D46DE8}") = "0. Solution Items", "0. Solution Items", "{8EC462FD-D22E-90A8-E5CE-7E832BA40C5D}"
	ProjectSection(SolutionItems) = preProject
		docker-compose.yml = docker-compose.yml
		Dockerfile = Dockerfile
		README.md = README.md
	EndProjectSection
EndProject
Project("{FAE04EC0-301F-11D3-BF4B-00C04F79EFBC}") = "FiapX.Application", "src\FiapX.Application\FiapX.Application.csproj", "{C9059E47-D0B3-A471-DD94-3B72529FD70F}"
EndProject
Project("{FAE04EC0-301F-11D3-BF4B-00C04F79EFBC}") = "FiapX.Domain", "src\FiapX.Domain\FiapX.Domain.csproj", "{63F4EA9C-C08E-40A2-C2DE-B4576BA162F1}"
EndProject
Project("{FAE04EC0-301F-11D3-BF4B-00C04F79EFBC}") = "FiapX.Infra.Messaging", "src\FiapX.Infra.Messaging\FiapX.Infra.Messaging.csproj", "{B5FB9B54-E4AE-1889-5625-0185DCE2280D}"
EndProject
Project("{FAE04EC0-301F-11D3-BF4B-00C04F79EFBC}") = "FiapX.Infra.CrossCutting", "src\FiapX.Infra.CrossCutting\FiapX.Infra.CrossCutting.csproj", "{C63A16E3-4B5D-D1E4-2C0A-F5ED4351CD63}"
EndProject
Project("{FAE04EC0-301F-11D3-BF4B-00C04F79EFBC}") = "FiapX.Infra.Storage", "src\FiapX.Infra.Storage\FiapX.Infra.Storage.csproj", "{DE7B8643-7E64-D49A-EAD7-00788B0D07E2}"
EndProject
Project("{FAE04EC0-301F-11D3-BF4B-00C04F79EFBC}") = "FiapX.Infra.Data", "src\FiapX.Infra.Data\FiapX.Infra.Data.csproj", "{DB165DBB-AB9F-9174-4CF3-66A810F7D4CF}"
EndProject
Project("{FAE04EC0-301F-11D3-BF4B-00C04F79EFBC}") = "FiapX.Tests.Unit", "tests\FiapX.Tests.Unit\FiapX.Tests.Unit.csproj", "{B8874790-740A-8063-CAB8-6977A644AC6B}"
EndProject
Project("{FAE04EC0-301F-11D3-BF4B-00C04F79EFBC}") = "FiapX.Tests.Integration", "tests\FiapX.Tests.Integration\FiapX.Tests.Integration.csproj", "{77F711D2-8E8F-45F9-B26B-9CDC9A344BAB}"
EndProject
Global
	GlobalSection(SolutionConfigurationPlatforms) = preSolution
		Debug|Any CPU = Debug|Any CPU
		Release|Any CPU = Release|Any CPU
	EndGlobalSection
	GlobalSection(ProjectConfigurationPlatforms) = postSolution
		{30646BA1-EDC8-48DB-A980-52AAF730DA28}.Debug|Any CPU.ActiveCfg = Debug|Any CPU
		{30646BA1-EDC8-48DB-A980-52AAF730DA28}.Debug|Any CPU.Build.0 = Debug|Any CPU
		{30646BA1-EDC8-48DB-A980-52AAF730DA28}.Release|Any CPU.ActiveCfg = Release|Any CPU
		{30646BA1-EDC8-48DB-A980-52AAF730DA28}.Release|Any CPU.Build.0 = Release|Any CPU
		{C9059E47-D0B3-A471-DD94-3B72529FD70F}.Debug|Any CPU.ActiveCfg = Debug|Any CPU
		{C9059E47-D0B3-A471-DD94-3B72529FD70F}.Debug|Any CPU.Build.0 = Debug|Any CPU
		{C9059E47-D0B3-A471-DD94-3B72529FD70F}.Release|Any CPU.ActiveCfg = Release|Any CPU
		{C9059E47-D0B3-A471-DD94-3B72529FD70F}.Release|Any CPU.Build.0 = Release|Any CPU
		{63F4EA9C-C08E-40A2-C2DE-B4576BA162F1}.Debug|Any CPU.ActiveCfg = Debug|Any CPU
		{63F4EA9C-C08E-40A2-C2DE-B4576BA162F1}.Debug|Any CPU.Build.0 = Debug|Any CPU
		{63F4EA9C-C08E-40A2-C2DE-B4576BA162F1}.Release|Any CPU.ActiveCfg = Release|Any CPU
		{63F4EA9C-C08E-40A2-C2DE-B4576BA162F1}.Release|Any CPU.Build.0 = Release|Any CPU
		{B5FB9B54-E4AE-1889-5625-0185DCE2280D}.Debug|Any CPU.ActiveCfg = Debug|Any CPU
		{B5FB9B54-E4AE-1889-5625-0185DCE2280D}.Debug|Any CPU.Build.0 = Debug|Any CPU
		{B5FB9B54-E4AE-1889-5625-0185DCE2280D}.Release|Any CPU.ActiveCfg = Release|Any CPU
		{B5FB9B54-E4AE-1889-5625-0185DCE2280D}.Release|Any CPU.Build.0 = Release|Any CPU
		{C63A16E3-4B5D-D1E4-2C0A-F5ED4351CD63}.Debug|Any CPU.ActiveCfg = Debug|Any CPU
		{C63A16E3-4B5D-D1E4-2C0A-F5ED4351CD63}.Debug|Any CPU.Build.0 = Debug|Any CPU
		{C63A16E3-4B5D-D1E4-2C0A-F5ED4351CD63}.Release|Any CPU.ActiveCfg = Release|Any CPU
		{C63A16E3-4B5D-D1E4-2C0A-F5ED4351CD63}.Release|Any CPU.Build.0 = Release|Any CPU
		{DE7B8643-7E64-D49A-EAD7-00788B0D07E2}.Debug|Any CPU.ActiveCfg = Debug|Any CPU
		{DE7B8643-7E64-D49A-EAD7-00788B0D07E2}.Debug|Any CPU.Build.0 = Debug|Any CPU
		{DE7B8643-7E64-D49A-EAD7-00788B0D07E2}.Release|Any CPU.ActiveCfg = Release|Any CPU
		{DE7B8643-7E64-D49A-EAD7-00788B0D07E2}.Release|Any CPU.Build.0 = Release|Any CPU
		{DB165DBB-AB9F-9174-4CF3-66A810F7D4CF}.Debug|Any CPU.ActiveCfg = Debug|Any CPU
		{DB165DBB-AB9F-9174-4CF3-66A810F7D4CF}.Debug|Any CPU.Build.0 = Debug|Any CPU
		{DB165DBB-AB9F-9174-4CF3-66A810F7D4CF}.Release|Any CPU.ActiveCfg = Release|Any CPU
		{DB165DBB-AB9F-9174-4CF3-66A810F7D4CF}.Release|Any CPU.Build.0 = Release|Any CPU
		{B8874790-740A-8063-CAB8-6977A644AC6B}.Debug|Any CPU.ActiveCfg = Debug|Any CPU
		{B8874790-740A-8063-CAB8-6977A644AC6B}.Debug|Any CPU.Build.0 = Debug|Any CPU
		{B8874790-740A-8063-CAB8-6977A644AC6B}.Release|Any CPU.ActiveCfg = Release|Any CPU
		{B8874790-740A-8063-CAB8-6977A644AC6B}.Release|Any CPU.Build.0 = Release|Any CPU
		{77F711D2-8E8F-45F9-B26B-9CDC9A344BAB}.Debug|Any CPU.ActiveCfg = Debug|Any CPU
		{77F711D2-8E8F-45F9-B26B-9CDC9A344BAB}.Debug|Any CPU.Build.0 = Debug|Any CPU
		{77F711D2-8E8F-45F9-B26B-9CDC9A344BAB}.Release|Any CPU.ActiveCfg = Release|Any CPU
		{77F711D2-8E8F-45F9-B26B-9CDC9A344BAB}.Release|Any CPU.Build.0 = Release|Any CPU
	EndGlobalSection
	GlobalSection(SolutionProperties) = preSolution
		HideSolutionNode = FALSE
	EndGlobalSection
	GlobalSection(NestedProjects) = preSolution
		{30646BA1-EDC8-48DB-A980-52AAF730DA28} = {02EA681E-C7D8-13C7-8484-4AC65E1B71E8}
		{C9059E47-D0B3-A471-DD94-3B72529FD70F} = {1FA515F5-95BC-4B76-AF46-5382DA58F68D}
		{63F4EA9C-C08E-40A2-C2DE-B4576BA162F1} = {BEF1CC3B-179C-40F8-B76A-6652FA6CCC93}
		{B5FB9B54-E4AE-1889-5625-0185DCE2280D} = {1ABF0C11-2882-42A8-966C-30E946A185DE}
		{C63A16E3-4B5D-D1E4-2C0A-F5ED4351CD63} = {1ABF0C11-2882-42A8-966C-30E946A185DE}
		{DE7B8643-7E64-D49A-EAD7-00788B0D07E2} = {1ABF0C11-2882-42A8-966C-30E946A185DE}
		{DB165DBB-AB9F-9174-4CF3-66A810F7D4CF} = {1ABF0C11-2882-42A8-966C-30E946A185DE}
		{B8874790-740A-8063-CAB8-6977A644AC6B} = {5D05AB0C-CDA6-4AB0-8472-38E31D290A1B}
		{77F711D2-8E8F-45F9-B26B-9CDC9A344BAB} = {5D05AB0C-CDA6-4AB0-8472-38E31D290A1B}
	EndGlobalSection
	GlobalSection(ExtensibilityGlobals) = postSolution
		SolutionGuid = {6F9BFFB5-1998-4B7B-BB7F-06B799A9234D}
	EndGlobalSection
EndGlobal
