{
  "version": 1,
  "dependencies": {
    "net8.0": {
      "FluentValidation": {
        "type": "Direct",
        "requested": "[12.0.0, )",
        "resolved": "12.0.0",
        "contentHash": "8NVLxtMUXynRHJIX3Hn1ACovaqZIJASufXIIFkD0EUbcd5PmMsL1xUD5h548gCezJ5BzlITaR9CAMrGe29aWpA=="
      },
      "fiapx.domain": {
        "type": "Project"
      }
    }
  }
}